// !$*UTF8*$!
{
	archiveVersion = 1;
	classes = {
	};
	objectVersion = 55;
	objects = {

/* Begin PBXBuildFile section */
		6AC135A42B81B601004A752E /* AppDelegate.m in Sources */ = {isa = PBXBuildFile; fileRef = 6AC135A32B81B601004A752E /* AppDelegate.m */; };
		6AC135A72B81B601004A752E /* SceneDelegate.m in Sources */ = {isa = PBXBuildFile; fileRef = 6AC135A62B81B601004A752E /* SceneDelegate.m */; };
		6AC135AA2B81B601004A752E /* ViewController.m in Sources */ = {isa = PBXBuildFile; fileRef = 6AC135A92B81B601004A752E /* ViewController.m */; };
		6AC135AD2B81B601004A752E /* Main.storyboard in Resources */ = {isa = PBXBuildFile; fileRef = 6AC135AB2B81B601004A752E /* Main.storyboard */; };
		6AC135AF2B81B606004A752E /* Assets.xcassets in Resources */ = {isa = PBXBuildFile; fileRef = 6AC135AE2B81B606004A752E /* Assets.xcassets */; };
		6AC135B22B81B606004A752E /* LaunchScreen.storyboard in Resources */ = {isa = PBXBuildFile; fileRef = 6AC135B02B81B606004A752E /* LaunchScreen.storyboard */; };
		6AC135B52B81B606004A752E /* main.m in Sources */ = {isa = PBXBuildFile; fileRef = 6AC135B42B81B606004A752E /* main.m */; };
		6AC137E22B81B8EB004A752E /* CensoUniniZoomeCarlo.m in Sources */ = {isa = PBXBuildFile; fileRef = 6AC137582B81B8EA004A752E /* CensoUniniZoomeCarlo.m */; };
		6AC137E32B81B8EB004A752E /* CorsFootnSveltSubli.m in Sources */ = {isa = PBXBuildFile; fileRef = 6AC1375D2B81B8EA004A752E /* CorsFootnSveltSubli.m */; };
		6AC137E42B81B8EB004A752E /* CoreAlertHaveHastePy.m in Sources */ = {isa = PBXBuildFile; fileRef = 6AC1375E2B81B8EA004A752E /* CoreAlertHaveHastePy.m */; };
		6AC137E52B81B8EB004A752E /* TwitcOpenHalogOblitView.m in Sources */ = {isa = PBXBuildFile; fileRef = 6AC1375F2B81B8EA004A752E /* TwitcOpenHalogOblitView.m */; };
		6AC137E62B81B8EB004A752E /* StrobForesWrSieveNew.m in Sources */ = {isa = PBXBuildFile; fileRef = 6AC137652B81B8EA004A752E /* StrobForesWrSieveNew.m */; };
		6AC137E72B81B8EB004A752E /* RotteDateFinesHelpHoManager.m in Sources */ = {isa = PBXBuildFile; fileRef = 6AC137672B81B8EA004A752E /* RotteDateFinesHelpHoManager.m */; };
		6AC137E82B81B8EB004A752E /* UnfolCrissUliHider.m in Sources */ = {isa = PBXBuildFile; fileRef = 6AC137692B81B8EA004A752E /* UnfolCrissUliHider.m */; };
		6AC137E92B81B8EB004A752E /* RulePubliDeser.m in Sources */ = {isa = PBXBuildFile; fileRef = 6AC1376B2B81B8EA004A752E /* RulePubliDeser.m */; };
		6AC137EA2B81B8EB004A752E /* SplotDismiAbmSva.m in Sources */ = {isa = PBXBuildFile; fileRef = 6AC137702B81B8EA004A752E /* SplotDismiAbmSva.m */; };
		6AC137EB2B81B8EB004A752E /* EraseAplsCertiBan.m in Sources */ = {isa = PBXBuildFile; fileRef = 6AC137722B81B8EA004A752E /* EraseAplsCertiBan.m */; };
		6AC137EC2B81B8EB004A752E /* PacsAbnorLaddBrush.m in Sources */ = {isa = PBXBuildFile; fileRef = 6AC137742B81B8EA004A752E /* PacsAbnorLaddBrush.m */; };
		6AC137ED2B81B8EB004A752E /* WalkeDashePerspPcs.m in Sources */ = {isa = PBXBuildFile; fileRef = 6AC137772B81B8EA004A752E /* WalkeDashePerspPcs.m */; };
		6AC137EE2B81B8EB004A752E /* HoldPreciFpnsWired.m in Sources */ = {isa = PBXBuildFile; fileRef = 6AC137782B81B8EA004A752E /* HoldPreciFpnsWired.m */; };
		6AC137EF2B81B8EB004A752E /* CertiOvalUnfolLookb.m in Sources */ = {isa = PBXBuildFile; fileRef = 6AC1377B2B81B8EA004A752E /* CertiOvalUnfolLookb.m */; };
		6AC137F02B81B8EB004A752E /* UIImage+TschFundiTierAscii.m in Sources */ = {isa = PBXBuildFile; fileRef = 6AC1377C2B81B8EA004A752E /* UIImage+TschFundiTierAscii.m */; };
		6AC137F12B81B8EB004A752E /* ChbInvalEnougInjecSt.m in Sources */ = {isa = PBXBuildFile; fileRef = 6AC1377E2B81B8EA004A752E /* ChbInvalEnougInjecSt.m */; };
		6AC137F22B81B8EB004A752E /* UnsatFilleRintAsePac.m in Sources */ = {isa = PBXBuildFile; fileRef = 6AC137802B81B8EA004A752E /* UnsatFilleRintAsePac.m */; };
		6AC137F32B81B8EB004A752E /* ArithLockbSites.m in Sources */ = {isa = PBXBuildFile; fileRef = 6AC137812B81B8EA004A752E /* ArithLockbSites.m */; };
		6AC137F42B81B8EB004A752E /* YearMarkAsciBiogrSer.m in Sources */ = {isa = PBXBuildFile; fileRef = 6AC137832B81B8EA004A752E /* YearMarkAsciBiogrSer.m */; };
		6AC137F52B81B8EB004A752E /* UIImageView+CopyfHappeGlossBmpAu.m in Sources */ = {isa = PBXBuildFile; fileRef = 6AC137872B81B8EA004A752E /* UIImageView+CopyfHappeGlossBmpAu.m */; };
		6AC137F62B81B8EB004A752E /* VolunIqInverPactCali.m in Sources */ = {isa = PBXBuildFile; fileRef = 6AC137882B81B8EA004A752E /* VolunIqInverPactCali.m */; };
		6AC137F72B81B8EB004A752E /* AffilFindiDecorSubcl.m in Sources */ = {isa = PBXBuildFile; fileRef = 6AC1378B2B81B8EA004A752E /* AffilFindiDecorSubcl.m */; };
		6AC137F82B81B8EB004A752E /* QuadrRectItali.m in Sources */ = {isa = PBXBuildFile; fileRef = 6AC1378C2B81B8EA004A752E /* QuadrRectItali.m */; };
		6AC137F92B81B8EB004A752E /* UIImage+PlatyKeygeK_saveOalS.m in Sources */ = {isa = PBXBuildFile; fileRef = 6AC137902B81B8EA004A752E /* UIImage+PlatyKeygeK_saveOalS.m */; };
		6AC137FA2B81B8EB004A752E /* SavinJpExcerClienBooManager.m in Sources */ = {isa = PBXBuildFile; fileRef = 6AC137912B81B8EA004A752E /* SavinJpExcerClienBooManager.m */; };
		6AC137FB2B81B8EB004A752E /* MobilIndicFauceRmdNe.m in Sources */ = {isa = PBXBuildFile; fileRef = 6AC137932B81B8EA004A752E /* MobilIndicFauceRmdNe.m */; };
		6AC137FC2B81B8EB004A752E /* UIImage+DictaLockbSepia.m in Sources */ = {isa = PBXBuildFile; fileRef = 6AC137942B81B8EA004A752E /* UIImage+DictaLockbSepia.m */; };
		6AC137FD2B81B8EB004A752E /* InfraPiggyOffenHalve.m in Sources */ = {isa = PBXBuildFile; fileRef = 6AC137972B81B8EB004A752E /* InfraPiggyOffenHalve.m */; };
		6AC137FE2B81B8EB004A752E /* ThirdKickeLobbyMotio.m in Sources */ = {isa = PBXBuildFile; fileRef = 6AC137992B81B8EB004A752E /* ThirdKickeLobbyMotio.m */; };
		6AC137FF2B81B8EB004A752E /* RootComboHko.m in Sources */ = {isa = PBXBuildFile; fileRef = 6AC1379A2B81B8EB004A752E /* RootComboHko.m */; };
		6AC138002B81B8EB004A752E /* OcbNonliPetSyphoArtiManager.m in Sources */ = {isa = PBXBuildFile; fileRef = 6AC1379B2B81B8EB004A752E /* OcbNonliPetSyphoArtiManager.m */; };
		6AC138012B81B8EB004A752E /* AccorMadConnGranu.m in Sources */ = {isa = PBXBuildFile; fileRef = 6AC1379C2B81B8EB004A752E /* AccorMadConnGranu.m */; };
		6AC138022B81B8EB004A752E /* TwitcOpenHalogOblitView+CopyfHappeGlossBmpAu.m in Sources */ = {isa = PBXBuildFile; fileRef = 6AC137A02B81B8EB004A752E /* TwitcOpenHalogOblitView+CopyfHappeGlossBmpAu.m */; };
		6AC138032B81B8EB004A752E /* UIImage+FlavoSitePolyFaceSta.m in Sources */ = {isa = PBXBuildFile; fileRef = 6AC137A12B81B8EB004A752E /* UIImage+FlavoSitePolyFaceSta.m */; };
		6AC138042B81B8EB004A752E /* UIView+CopyfHappeGlossBmpAu.m in Sources */ = {isa = PBXBuildFile; fileRef = 6AC137A22B81B8EB004A752E /* UIView+CopyfHappeGlossBmpAu.m */; };
		6AC138052B81B8EB004A752E /* CrushConfuPullCaesuF.m in Sources */ = {isa = PBXBuildFile; fileRef = 6AC137A32B81B8EB004A752E /* CrushConfuPullCaesuF.m */; };
		6AC138062B81B8EB004A752E /* OsloAccomSnowPmManager.m in Sources */ = {isa = PBXBuildFile; fileRef = 6AC137A42B81B8EB004A752E /* OsloAccomSnowPmManager.m */; };
		6AC138072B81B8EB004A752E /* DetouPoundMadHeavyTi.m in Sources */ = {isa = PBXBuildFile; fileRef = 6AC137A52B81B8EB004A752E /* DetouPoundMadHeavyTi.m */; };
		6AC138082B81B8EB004A752E /* DelayCowVerteTimAgen.m in Sources */ = {isa = PBXBuildFile; fileRef = 6AC137A82B81B8EB004A752E /* DelayCowVerteTimAgen.m */; };
		6AC138092B81B8EB004A752E /* NSData+SeedUtlExecTomsPark.m in Sources */ = {isa = PBXBuildFile; fileRef = 6AC137AA2B81B8EB004A752E /* NSData+SeedUtlExecTomsPark.m */; };
		6AC1380A2B81B8EB004A752E /* WorkaGrappMeterJarfi.m in Sources */ = {isa = PBXBuildFile; fileRef = 6AC137AC2B81B8EB004A752E /* WorkaGrappMeterJarfi.m */; };
		6AC1380B2B81B8EB004A752E /* WaveyYoukuSwirlUntag.m in Sources */ = {isa = PBXBuildFile; fileRef = 6AC137AE2B81B8EB004A752E /* WaveyYoukuSwirlUntag.m */; };
		6AC1380C2B81B8EB004A752E /* UIImage+RehasPeterMetaf.m in Sources */ = {isa = PBXBuildFile; fileRef = 6AC137B12B81B8EB004A752E /* UIImage+RehasPeterMetaf.m */; };
		6AC1380D2B81B8EB004A752E /* DealsWarpViolaMgmtIn.m in Sources */ = {isa = PBXBuildFile; fileRef = 6AC137B22B81B8EB004A752E /* DealsWarpViolaMgmtIn.m */; };
		6AC1380E2B81B8EB004A752E /* LifecSolutTie.m in Sources */ = {isa = PBXBuildFile; fileRef = 6AC137B42B81B8EB004A752E /* LifecSolutTie.m */; };
		6AC1380F2B81B8EB004A752E /* UIImage+CoachQueriParapDosag.m in Sources */ = {isa = PBXBuildFile; fileRef = 6AC137B62B81B8EB004A752E /* UIImage+CoachQueriParapDosag.m */; };
		6AC138102B81B8EB004A752E /* LpmK_allocAnywaCrush.m in Sources */ = {isa = PBXBuildFile; fileRef = 6AC137B82B81B8EB004A752E /* LpmK_allocAnywaCrush.m */; };
		6AC138112B81B8EB004A752E /* SvaOpaciWorki.m in Sources */ = {isa = PBXBuildFile; fileRef = 6AC137B92B81B8EB004A752E /* SvaOpaciWorki.m */; };
		6AC138122B81B8EB004A752E /* UIButton+CopyfHappeGlossBmpAu.m in Sources */ = {isa = PBXBuildFile; fileRef = 6AC137BA2B81B8EB004A752E /* UIButton+CopyfHappeGlossBmpAu.m */; };
		6AC138132B81B8EB004A752E /* TailTensoProxi.m in Sources */ = {isa = PBXBuildFile; fileRef = 6AC137BB2B81B8EB004A752E /* TailTensoProxi.m */; };
		6AC138142B81B8EB004A752E /* UIImageView+TimeCrossLosslVsb.m in Sources */ = {isa = PBXBuildFile; fileRef = 6AC137BD2B81B8EB004A752E /* UIImageView+TimeCrossLosslVsb.m */; };
		6AC138152B81B8EB004A752E /* MembeTertiAiasLumbe.m in Sources */ = {isa = PBXBuildFile; fileRef = 6AC137BF2B81B8EB004A752E /* MembeTertiAiasLumbe.m */; };
		6AC138162B81B8EB004A752E /* UIImage+CastiSensoUnblu.m in Sources */ = {isa = PBXBuildFile; fileRef = 6AC137C12B81B8EB004A752E /* UIImage+CastiSensoUnblu.m */; };
		6AC138172B81B8EB004A752E /* CellsHideWatchFalco.m in Sources */ = {isa = PBXBuildFile; fileRef = 6AC137C32B81B8EB004A752E /* CellsHideWatchFalco.m */; };
		6AC138182B81B8EB004A752E /* UIView+ViewpChillDiagr.m in Sources */ = {isa = PBXBuildFile; fileRef = 6AC137C42B81B8EB004A752E /* UIView+ViewpChillDiagr.m */; };
		6AC138192B81B8EB004A752E /* CueReachEphemOpaciIm.m in Sources */ = {isa = PBXBuildFile; fileRef = 6AC137C62B81B8EB004A752E /* CueReachEphemOpaciIm.m */; };
		6AC1381A2B81B8EB004A752E /* ChildDocumDraftUnfol.m in Sources */ = {isa = PBXBuildFile; fileRef = 6AC137C92B81B8EB004A752E /* ChildDocumDraftUnfol.m */; };
		6AC1381B2B81B8EB004A752E /* NSString+AniseSlottAtten.m in Sources */ = {isa = PBXBuildFile; fileRef = 6AC137CD2B81B8EB004A752E /* NSString+AniseSlottAtten.m */; };
		6AC1381C2B81B8EB004A752E /* UIColor+EnsurSafeGamma.m in Sources */ = {isa = PBXBuildFile; fileRef = 6AC137D32B81B8EB004A752E /* UIColor+EnsurSafeGamma.m */; };
		6AC1381D2B81B8EB004A752E /* MgmtLinAlignPlaceSha.m in Sources */ = {isa = PBXBuildFile; fileRef = 6AC137D62B81B8EB004A752E /* MgmtLinAlignPlaceSha.m */; };
		6AC1381E2B81B8EB004A752E /* CapitLoopeOcbTeardAc.m in Sources */ = {isa = PBXBuildFile; fileRef = 6AC137D72B81B8EB004A752E /* CapitLoopeOcbTeardAc.m */; };
		6AC1381F2B81B8EB004A752E /* BeeEndedHuge.m in Sources */ = {isa = PBXBuildFile; fileRef = 6AC137DA2B81B8EB004A752E /* BeeEndedHuge.m */; };
		6AC138202B81B8EB004A752E /* BeepFailsBende.m in Sources */ = {isa = PBXBuildFile; fileRef = 6AC137DB2B81B8EB004A752E /* BeepFailsBende.m */; };
		6AC138212B81B8EB004A752E /* DrawaNacYinManager.m in Sources */ = {isa = PBXBuildFile; fileRef = 6AC137DC2B81B8EB004A752E /* DrawaNacYinManager.m */; };
		6AC138222B81B8EB004A752E /* GlobInquiElastMonthT.m in Sources */ = {isa = PBXBuildFile; fileRef = 6AC137DD2B81B8EB004A752E /* GlobInquiElastMonthT.m */; };
		6AC138232B81B8EB004A752E /* VmidPrefiRobotItoEur.m in Sources */ = {isa = PBXBuildFile; fileRef = 6AC137DF2B81B8EB004A752E /* VmidPrefiRobotItoEur.m */; };
		6AC138242B81B8EB004A752E /* ReusaImmedSchooImpro.m in Sources */ = {isa = PBXBuildFile; fileRef = 6AC137E12B81B8EB004A752E /* ReusaImmedSchooImpro.m */; };
		6AC1382A2B81B97D004A752E /* ExitiBeanHadResavRep.m in Sources */ = {isa = PBXBuildFile; fileRef = 6AC138292B81B97D004A752E /* ExitiBeanHadResavRep.m */; };
/* End PBXBuildFile section */

/* Begin PBXFileReference section */
		6AC1359F2B81B601004A752E /* TestDemo.app */ = {isa = PBXFileReference; explicitFileType = wrapper.application; includeInIndex = 0; path = TestDemo.app; sourceTree = BUILT_PRODUCTS_DIR; };
		6AC135A22B81B601004A752E /* AppDelegate.h */ = {isa = PBXFileReference; lastKnownFileType = sourcecode.c.h; path = AppDelegate.h; sourceTree = "<group>"; };
		6AC135A32B81B601004A752E /* AppDelegate.m */ = {isa = PBXFileReference; lastKnownFileType = sourcecode.c.objc; path = AppDelegate.m; sourceTree = "<group>"; };
		6AC135A52B81B601004A752E /* SceneDelegate.h */ = {isa = PBXFileReference; lastKnownFileType = sourcecode.c.h; path = SceneDelegate.h; sourceTree = "<group>"; };
		6AC135A62B81B601004A752E /* SceneDelegate.m */ = {isa = PBXFileReference; lastKnownFileType = sourcecode.c.objc; path = SceneDelegate.m; sourceTree = "<group>"; };
		6AC135A82B81B601004A752E /* ViewController.h */ = {isa = PBXFileReference; lastKnownFileType = sourcecode.c.h; path = ViewController.h; sourceTree = "<group>"; };
		6AC135A92B81B601004A752E /* ViewController.m */ = {isa = PBXFileReference; lastKnownFileType = sourcecode.c.objc; path = ViewController.m; sourceTree = "<group>"; };
		6AC135AC2B81B601004A752E /* Base */ = {isa = PBXFileReference; lastKnownFileType = file.storyboard; name = Base; path = Base.lproj/Main.storyboard; sourceTree = "<group>"; };
		6AC135AE2B81B606004A752E /* Assets.xcassets */ = {isa = PBXFileReference; lastKnownFileType = folder.assetcatalog; path = Assets.xcassets; sourceTree = "<group>"; };
		6AC135B12B81B606004A752E /* Base */ = {isa = PBXFileReference; lastKnownFileType = file.storyboard; name = Base; path = Base.lproj/LaunchScreen.storyboard; sourceTree = "<group>"; };
		6AC135B32B81B606004A752E /* Info.plist */ = {isa = PBXFileReference; lastKnownFileType = text.plist.xml; path = Info.plist; sourceTree = "<group>"; };
		6AC135B42B81B606004A752E /* main.m */ = {isa = PBXFileReference; lastKnownFileType = sourcecode.c.objc; path = main.m; sourceTree = "<group>"; };
		6AC137582B81B8EA004A752E /* CensoUniniZoomeCarlo.m */ = {isa = PBXFileReference; fileEncoding = 4; lastKnownFileType = sourcecode.c.objc; path = CensoUniniZoomeCarlo.m; sourceTree = "<group>"; };
		6AC137592B81B8EA004A752E /* AccorMadConnGranu.h */ = {isa = PBXFileReference; fileEncoding = 4; lastKnownFileType = sourcecode.c.h; path = AccorMadConnGranu.h; sourceTree = "<group>"; };
		6AC1375A2B81B8EA004A752E /* OcbNonliPetSyphoArtiManager.h */ = {isa = PBXFileReference; fileEncoding = 4; lastKnownFileType = sourcecode.c.h; path = OcbNonliPetSyphoArtiManager.h; sourceTree = "<group>"; };
		6AC1375B2B81B8EA004A752E /* RootComboHko.h */ = {isa = PBXFileReference; fileEncoding = 4; lastKnownFileType = sourcecode.c.h; path = RootComboHko.h; sourceTree = "<group>"; };
		6AC1375C2B81B8EA004A752E /* ThirdKickeLobbyMotio.h */ = {isa = PBXFileReference; fileEncoding = 4; lastKnownFileType = sourcecode.c.h; path = ThirdKickeLobbyMotio.h; sourceTree = "<group>"; };
		6AC1375D2B81B8EA004A752E /* CorsFootnSveltSubli.m */ = {isa = PBXFileReference; fileEncoding = 4; lastKnownFileType = sourcecode.c.objc; path = CorsFootnSveltSubli.m; sourceTree = "<group>"; };
		6AC1375E2B81B8EA004A752E /* CoreAlertHaveHastePy.m */ = {isa = PBXFileReference; fileEncoding = 4; lastKnownFileType = sourcecode.c.objc; path = CoreAlertHaveHastePy.m; sourceTree = "<group>"; };
		6AC1375F2B81B8EA004A752E /* TwitcOpenHalogOblitView.m */ = {isa = PBXFileReference; fileEncoding = 4; lastKnownFileType = sourcecode.c.objc; path = TwitcOpenHalogOblitView.m; sourceTree = "<group>"; };
		6AC137602B81B8EA004A752E /* InfraPiggyOffenHalve.h */ = {isa = PBXFileReference; fileEncoding = 4; lastKnownFileType = sourcecode.c.h; path = InfraPiggyOffenHalve.h; sourceTree = "<group>"; };
		6AC137612B81B8EA004A752E /* UIImage+DictaLockbSepia.h */ = {isa = PBXFileReference; fileEncoding = 4; lastKnownFileType = sourcecode.c.h; path = "UIImage+DictaLockbSepia.h"; sourceTree = "<group>"; };
		6AC137622B81B8EA004A752E /* MobilIndicFauceRmdNe.h */ = {isa = PBXFileReference; fileEncoding = 4; lastKnownFileType = sourcecode.c.h; path = MobilIndicFauceRmdNe.h; sourceTree = "<group>"; };
		6AC137632B81B8EA004A752E /* UIImage+PlatyKeygeK_saveOalS.h */ = {isa = PBXFileReference; fileEncoding = 4; lastKnownFileType = sourcecode.c.h; path = "UIImage+PlatyKeygeK_saveOalS.h"; sourceTree = "<group>"; };
		6AC137642B81B8EA004A752E /* SavinJpExcerClienBooManager.h */ = {isa = PBXFileReference; fileEncoding = 4; lastKnownFileType = sourcecode.c.h; path = SavinJpExcerClienBooManager.h; sourceTree = "<group>"; };
		6AC137652B81B8EA004A752E /* StrobForesWrSieveNew.m */ = {isa = PBXFileReference; fileEncoding = 4; lastKnownFileType = sourcecode.c.objc; path = StrobForesWrSieveNew.m; sourceTree = "<group>"; };
		6AC137662B81B8EA004A752E /* NSData+SeedUtlExecTomsPark.h */ = {isa = PBXFileReference; fileEncoding = 4; lastKnownFileType = sourcecode.c.h; path = "NSData+SeedUtlExecTomsPark.h"; sourceTree = "<group>"; };
		6AC137672B81B8EA004A752E /* RotteDateFinesHelpHoManager.m */ = {isa = PBXFileReference; fileEncoding = 4; lastKnownFileType = sourcecode.c.objc; path = RotteDateFinesHelpHoManager.m; sourceTree = "<group>"; };
		6AC137682B81B8EA004A752E /* DelayCowVerteTimAgen.h */ = {isa = PBXFileReference; fileEncoding = 4; lastKnownFileType = sourcecode.c.h; path = DelayCowVerteTimAgen.h; sourceTree = "<group>"; };
		6AC137692B81B8EA004A752E /* UnfolCrissUliHider.m */ = {isa = PBXFileReference; fileEncoding = 4; lastKnownFileType = sourcecode.c.objc; path = UnfolCrissUliHider.m; sourceTree = "<group>"; };
		6AC1376A2B81B8EA004A752E /* DetouPoundMadHeavyTi.h */ = {isa = PBXFileReference; fileEncoding = 4; lastKnownFileType = sourcecode.c.h; path = DetouPoundMadHeavyTi.h; sourceTree = "<group>"; };
		6AC1376B2B81B8EA004A752E /* RulePubliDeser.m */ = {isa = PBXFileReference; fileEncoding = 4; lastKnownFileType = sourcecode.c.objc; path = RulePubliDeser.m; sourceTree = "<group>"; };
		6AC1376C2B81B8EA004A752E /* UIImage+FlavoSitePolyFaceSta.h */ = {isa = PBXFileReference; fileEncoding = 4; lastKnownFileType = sourcecode.c.h; path = "UIImage+FlavoSitePolyFaceSta.h"; sourceTree = "<group>"; };
		6AC1376D2B81B8EA004A752E /* OsloAccomSnowPmManager.h */ = {isa = PBXFileReference; fileEncoding = 4; lastKnownFileType = sourcecode.c.h; path = OsloAccomSnowPmManager.h; sourceTree = "<group>"; };
		6AC1376E2B81B8EA004A752E /* CrushConfuPullCaesuF.h */ = {isa = PBXFileReference; fileEncoding = 4; lastKnownFileType = sourcecode.c.h; path = CrushConfuPullCaesuF.h; sourceTree = "<group>"; };
		6AC1376F2B81B8EA004A752E /* UIView+CopyfHappeGlossBmpAu.h */ = {isa = PBXFileReference; fileEncoding = 4; lastKnownFileType = sourcecode.c.h; path = "UIView+CopyfHappeGlossBmpAu.h"; sourceTree = "<group>"; };
		6AC137702B81B8EA004A752E /* SplotDismiAbmSva.m */ = {isa = PBXFileReference; fileEncoding = 4; lastKnownFileType = sourcecode.c.objc; path = SplotDismiAbmSva.m; sourceTree = "<group>"; };
		6AC137712B81B8EA004A752E /* TwitcOpenHalogOblitView+CopyfHappeGlossBmpAu.h */ = {isa = PBXFileReference; fileEncoding = 4; lastKnownFileType = sourcecode.c.h; path = "TwitcOpenHalogOblitView+CopyfHappeGlossBmpAu.h"; sourceTree = "<group>"; };
		6AC137722B81B8EA004A752E /* EraseAplsCertiBan.m */ = {isa = PBXFileReference; fileEncoding = 4; lastKnownFileType = sourcecode.c.objc; path = EraseAplsCertiBan.m; sourceTree = "<group>"; };
		6AC137732B81B8EA004A752E /* LpmK_allocAnywaCrush.h */ = {isa = PBXFileReference; fileEncoding = 4; lastKnownFileType = sourcecode.c.h; path = LpmK_allocAnywaCrush.h; sourceTree = "<group>"; };
		6AC137742B81B8EA004A752E /* PacsAbnorLaddBrush.m */ = {isa = PBXFileReference; fileEncoding = 4; lastKnownFileType = sourcecode.c.objc; path = PacsAbnorLaddBrush.m; sourceTree = "<group>"; };
		6AC137752B81B8EA004A752E /* UIImage+CoachQueriParapDosag.h */ = {isa = PBXFileReference; fileEncoding = 4; lastKnownFileType = sourcecode.c.h; path = "UIImage+CoachQueriParapDosag.h"; sourceTree = "<group>"; };
		6AC137762B81B8EA004A752E /* LifecSolutTie.h */ = {isa = PBXFileReference; fileEncoding = 4; lastKnownFileType = sourcecode.c.h; path = LifecSolutTie.h; sourceTree = "<group>"; };
		6AC137772B81B8EA004A752E /* WalkeDashePerspPcs.m */ = {isa = PBXFileReference; fileEncoding = 4; lastKnownFileType = sourcecode.c.objc; path = WalkeDashePerspPcs.m; sourceTree = "<group>"; };
		6AC137782B81B8EA004A752E /* HoldPreciFpnsWired.m */ = {isa = PBXFileReference; fileEncoding = 4; lastKnownFileType = sourcecode.c.objc; path = HoldPreciFpnsWired.m; sourceTree = "<group>"; };
		6AC137792B81B8EA004A752E /* DealsWarpViolaMgmtIn.h */ = {isa = PBXFileReference; fileEncoding = 4; lastKnownFileType = sourcecode.c.h; path = DealsWarpViolaMgmtIn.h; sourceTree = "<group>"; };
		6AC1377A2B81B8EA004A752E /* UIImage+RehasPeterMetaf.h */ = {isa = PBXFileReference; fileEncoding = 4; lastKnownFileType = sourcecode.c.h; path = "UIImage+RehasPeterMetaf.h"; sourceTree = "<group>"; };
		6AC1377B2B81B8EA004A752E /* CertiOvalUnfolLookb.m */ = {isa = PBXFileReference; fileEncoding = 4; lastKnownFileType = sourcecode.c.objc; path = CertiOvalUnfolLookb.m; sourceTree = "<group>"; };
		6AC1377C2B81B8EA004A752E /* UIImage+TschFundiTierAscii.m */ = {isa = PBXFileReference; fileEncoding = 4; lastKnownFileType = sourcecode.c.objc; path = "UIImage+TschFundiTierAscii.m"; sourceTree = "<group>"; };
		6AC1377D2B81B8EA004A752E /* WaveyYoukuSwirlUntag.h */ = {isa = PBXFileReference; fileEncoding = 4; lastKnownFileType = sourcecode.c.h; path = WaveyYoukuSwirlUntag.h; sourceTree = "<group>"; };
		6AC1377E2B81B8EA004A752E /* ChbInvalEnougInjecSt.m */ = {isa = PBXFileReference; fileEncoding = 4; lastKnownFileType = sourcecode.c.objc; path = ChbInvalEnougInjecSt.m; sourceTree = "<group>"; };
		6AC1377F2B81B8EA004A752E /* WorkaGrappMeterJarfi.h */ = {isa = PBXFileReference; fileEncoding = 4; lastKnownFileType = sourcecode.c.h; path = WorkaGrappMeterJarfi.h; sourceTree = "<group>"; };
		6AC137802B81B8EA004A752E /* UnsatFilleRintAsePac.m */ = {isa = PBXFileReference; fileEncoding = 4; lastKnownFileType = sourcecode.c.objc; path = UnsatFilleRintAsePac.m; sourceTree = "<group>"; };
		6AC137812B81B8EA004A752E /* ArithLockbSites.m */ = {isa = PBXFileReference; fileEncoding = 4; lastKnownFileType = sourcecode.c.objc; path = ArithLockbSites.m; sourceTree = "<group>"; };
		6AC137822B81B8EA004A752E /* CueReachEphemOpaciIm.h */ = {isa = PBXFileReference; fileEncoding = 4; lastKnownFileType = sourcecode.c.h; path = CueReachEphemOpaciIm.h; sourceTree = "<group>"; };
		6AC137832B81B8EA004A752E /* YearMarkAsciBiogrSer.m */ = {isa = PBXFileReference; fileEncoding = 4; lastKnownFileType = sourcecode.c.objc; path = YearMarkAsciBiogrSer.m; sourceTree = "<group>"; };
		6AC137842B81B8EA004A752E /* CellsHideWatchFalco.h */ = {isa = PBXFileReference; fileEncoding = 4; lastKnownFileType = sourcecode.c.h; path = CellsHideWatchFalco.h; sourceTree = "<group>"; };
		6AC137852B81B8EA004A752E /* UIView+ViewpChillDiagr.h */ = {isa = PBXFileReference; fileEncoding = 4; lastKnownFileType = sourcecode.c.h; path = "UIView+ViewpChillDiagr.h"; sourceTree = "<group>"; };
		6AC137862B81B8EA004A752E /* UIImage+CastiSensoUnblu.h */ = {isa = PBXFileReference; fileEncoding = 4; lastKnownFileType = sourcecode.c.h; path = "UIImage+CastiSensoUnblu.h"; sourceTree = "<group>"; };
		6AC137872B81B8EA004A752E /* UIImageView+CopyfHappeGlossBmpAu.m */ = {isa = PBXFileReference; fileEncoding = 4; lastKnownFileType = sourcecode.c.objc; path = "UIImageView+CopyfHappeGlossBmpAu.m"; sourceTree = "<group>"; };
		6AC137882B81B8EA004A752E /* VolunIqInverPactCali.m */ = {isa = PBXFileReference; fileEncoding = 4; lastKnownFileType = sourcecode.c.objc; path = VolunIqInverPactCali.m; sourceTree = "<group>"; };
		6AC137892B81B8EA004A752E /* MembeTertiAiasLumbe.h */ = {isa = PBXFileReference; fileEncoding = 4; lastKnownFileType = sourcecode.c.h; path = MembeTertiAiasLumbe.h; sourceTree = "<group>"; };
		6AC1378A2B81B8EA004A752E /* UIImageView+TimeCrossLosslVsb.h */ = {isa = PBXFileReference; fileEncoding = 4; lastKnownFileType = sourcecode.c.h; path = "UIImageView+TimeCrossLosslVsb.h"; sourceTree = "<group>"; };
		6AC1378B2B81B8EA004A752E /* AffilFindiDecorSubcl.m */ = {isa = PBXFileReference; fileEncoding = 4; lastKnownFileType = sourcecode.c.objc; path = AffilFindiDecorSubcl.m; sourceTree = "<group>"; };
		6AC1378C2B81B8EA004A752E /* QuadrRectItali.m */ = {isa = PBXFileReference; fileEncoding = 4; lastKnownFileType = sourcecode.c.objc; path = QuadrRectItali.m; sourceTree = "<group>"; };
		6AC1378D2B81B8EA004A752E /* TailTensoProxi.h */ = {isa = PBXFileReference; fileEncoding = 4; lastKnownFileType = sourcecode.c.h; path = TailTensoProxi.h; sourceTree = "<group>"; };
		6AC1378E2B81B8EA004A752E /* UIButton+CopyfHappeGlossBmpAu.h */ = {isa = PBXFileReference; fileEncoding = 4; lastKnownFileType = sourcecode.c.h; path = "UIButton+CopyfHappeGlossBmpAu.h"; sourceTree = "<group>"; };
		6AC1378F2B81B8EA004A752E /* SvaOpaciWorki.h */ = {isa = PBXFileReference; fileEncoding = 4; lastKnownFileType = sourcecode.c.h; path = SvaOpaciWorki.h; sourceTree = "<group>"; };
		6AC137902B81B8EA004A752E /* UIImage+PlatyKeygeK_saveOalS.m */ = {isa = PBXFileReference; fileEncoding = 4; lastKnownFileType = sourcecode.c.objc; path = "UIImage+PlatyKeygeK_saveOalS.m"; sourceTree = "<group>"; };
		6AC137912B81B8EA004A752E /* SavinJpExcerClienBooManager.m */ = {isa = PBXFileReference; fileEncoding = 4; lastKnownFileType = sourcecode.c.objc; path = SavinJpExcerClienBooManager.m; sourceTree = "<group>"; };
		6AC137922B81B8EA004A752E /* StrobForesWrSieveNew.h */ = {isa = PBXFileReference; fileEncoding = 4; lastKnownFileType = sourcecode.c.h; path = StrobForesWrSieveNew.h; sourceTree = "<group>"; };
		6AC137932B81B8EA004A752E /* MobilIndicFauceRmdNe.m */ = {isa = PBXFileReference; fileEncoding = 4; lastKnownFileType = sourcecode.c.objc; path = MobilIndicFauceRmdNe.m; sourceTree = "<group>"; };
		6AC137942B81B8EA004A752E /* UIImage+DictaLockbSepia.m */ = {isa = PBXFileReference; fileEncoding = 4; lastKnownFileType = sourcecode.c.objc; path = "UIImage+DictaLockbSepia.m"; sourceTree = "<group>"; };
		6AC137952B81B8EA004A752E /* TwitcOpenHalogOblitView.h */ = {isa = PBXFileReference; fileEncoding = 4; lastKnownFileType = sourcecode.c.h; path = TwitcOpenHalogOblitView.h; sourceTree = "<group>"; };
		6AC137962B81B8EB004A752E /* CoreAlertHaveHastePy.h */ = {isa = PBXFileReference; fileEncoding = 4; lastKnownFileType = sourcecode.c.h; path = CoreAlertHaveHastePy.h; sourceTree = "<group>"; };
		6AC137972B81B8EB004A752E /* InfraPiggyOffenHalve.m */ = {isa = PBXFileReference; fileEncoding = 4; lastKnownFileType = sourcecode.c.objc; path = InfraPiggyOffenHalve.m; sourceTree = "<group>"; };
		6AC137982B81B8EB004A752E /* CorsFootnSveltSubli.h */ = {isa = PBXFileReference; fileEncoding = 4; lastKnownFileType = sourcecode.c.h; path = CorsFootnSveltSubli.h; sourceTree = "<group>"; };
		6AC137992B81B8EB004A752E /* ThirdKickeLobbyMotio.m */ = {isa = PBXFileReference; fileEncoding = 4; lastKnownFileType = sourcecode.c.objc; path = ThirdKickeLobbyMotio.m; sourceTree = "<group>"; };
		6AC1379A2B81B8EB004A752E /* RootComboHko.m */ = {isa = PBXFileReference; fileEncoding = 4; lastKnownFileType = sourcecode.c.objc; path = RootComboHko.m; sourceTree = "<group>"; };
		6AC1379B2B81B8EB004A752E /* OcbNonliPetSyphoArtiManager.m */ = {isa = PBXFileReference; fileEncoding = 4; lastKnownFileType = sourcecode.c.objc; path = OcbNonliPetSyphoArtiManager.m; sourceTree = "<group>"; };
		6AC1379C2B81B8EB004A752E /* AccorMadConnGranu.m */ = {isa = PBXFileReference; fileEncoding = 4; lastKnownFileType = sourcecode.c.objc; path = AccorMadConnGranu.m; sourceTree = "<group>"; };
		6AC1379D2B81B8EB004A752E /* CensoUniniZoomeCarlo.h */ = {isa = PBXFileReference; fileEncoding = 4; lastKnownFileType = sourcecode.c.h; path = CensoUniniZoomeCarlo.h; sourceTree = "<group>"; };
		6AC1379E2B81B8EB004A752E /* EraseAplsCertiBan.h */ = {isa = PBXFileReference; fileEncoding = 4; lastKnownFileType = sourcecode.c.h; path = EraseAplsCertiBan.h; sourceTree = "<group>"; };
		6AC1379F2B81B8EB004A752E /* SplotDismiAbmSva.h */ = {isa = PBXFileReference; fileEncoding = 4; lastKnownFileType = sourcecode.c.h; path = SplotDismiAbmSva.h; sourceTree = "<group>"; };
		6AC137A02B81B8EB004A752E /* TwitcOpenHalogOblitView+CopyfHappeGlossBmpAu.m */ = {isa = PBXFileReference; fileEncoding = 4; lastKnownFileType = sourcecode.c.objc; path = "TwitcOpenHalogOblitView+CopyfHappeGlossBmpAu.m"; sourceTree = "<group>"; };
		6AC137A12B81B8EB004A752E /* UIImage+FlavoSitePolyFaceSta.m */ = {isa = PBXFileReference; fileEncoding = 4; lastKnownFileType = sourcecode.c.objc; path = "UIImage+FlavoSitePolyFaceSta.m"; sourceTree = "<group>"; };
		6AC137A22B81B8EB004A752E /* UIView+CopyfHappeGlossBmpAu.m */ = {isa = PBXFileReference; fileEncoding = 4; lastKnownFileType = sourcecode.c.objc; path = "UIView+CopyfHappeGlossBmpAu.m"; sourceTree = "<group>"; };
		6AC137A32B81B8EB004A752E /* CrushConfuPullCaesuF.m */ = {isa = PBXFileReference; fileEncoding = 4; lastKnownFileType = sourcecode.c.objc; path = CrushConfuPullCaesuF.m; sourceTree = "<group>"; };
		6AC137A42B81B8EB004A752E /* OsloAccomSnowPmManager.m */ = {isa = PBXFileReference; fileEncoding = 4; lastKnownFileType = sourcecode.c.objc; path = OsloAccomSnowPmManager.m; sourceTree = "<group>"; };
		6AC137A52B81B8EB004A752E /* DetouPoundMadHeavyTi.m */ = {isa = PBXFileReference; fileEncoding = 4; lastKnownFileType = sourcecode.c.objc; path = DetouPoundMadHeavyTi.m; sourceTree = "<group>"; };
		6AC137A62B81B8EB004A752E /* RulePubliDeser.h */ = {isa = PBXFileReference; fileEncoding = 4; lastKnownFileType = sourcecode.c.h; path = RulePubliDeser.h; sourceTree = "<group>"; };
		6AC137A72B81B8EB004A752E /* UnfolCrissUliHider.h */ = {isa = PBXFileReference; fileEncoding = 4; lastKnownFileType = sourcecode.c.h; path = UnfolCrissUliHider.h; sourceTree = "<group>"; };
		6AC137A82B81B8EB004A752E /* DelayCowVerteTimAgen.m */ = {isa = PBXFileReference; fileEncoding = 4; lastKnownFileType = sourcecode.c.objc; path = DelayCowVerteTimAgen.m; sourceTree = "<group>"; };
		6AC137A92B81B8EB004A752E /* RotteDateFinesHelpHoManager.h */ = {isa = PBXFileReference; fileEncoding = 4; lastKnownFileType = sourcecode.c.h; path = RotteDateFinesHelpHoManager.h; sourceTree = "<group>"; };
		6AC137AA2B81B8EB004A752E /* NSData+SeedUtlExecTomsPark.m */ = {isa = PBXFileReference; fileEncoding = 4; lastKnownFileType = sourcecode.c.objc; path = "NSData+SeedUtlExecTomsPark.m"; sourceTree = "<group>"; };
		6AC137AB2B81B8EB004A752E /* ChbInvalEnougInjecSt.h */ = {isa = PBXFileReference; fileEncoding = 4; lastKnownFileType = sourcecode.c.h; path = ChbInvalEnougInjecSt.h; sourceTree = "<group>"; };
		6AC137AC2B81B8EB004A752E /* WorkaGrappMeterJarfi.m */ = {isa = PBXFileReference; fileEncoding = 4; lastKnownFileType = sourcecode.c.objc; path = WorkaGrappMeterJarfi.m; sourceTree = "<group>"; };
		6AC137AD2B81B8EB004A752E /* UnsatFilleRintAsePac.h */ = {isa = PBXFileReference; fileEncoding = 4; lastKnownFileType = sourcecode.c.h; path = UnsatFilleRintAsePac.h; sourceTree = "<group>"; };
		6AC137AE2B81B8EB004A752E /* WaveyYoukuSwirlUntag.m */ = {isa = PBXFileReference; fileEncoding = 4; lastKnownFileType = sourcecode.c.objc; path = WaveyYoukuSwirlUntag.m; sourceTree = "<group>"; };
		6AC137AF2B81B8EB004A752E /* UIImage+TschFundiTierAscii.h */ = {isa = PBXFileReference; fileEncoding = 4; lastKnownFileType = sourcecode.c.h; path = "UIImage+TschFundiTierAscii.h"; sourceTree = "<group>"; };
		6AC137B02B81B8EB004A752E /* CertiOvalUnfolLookb.h */ = {isa = PBXFileReference; fileEncoding = 4; lastKnownFileType = sourcecode.c.h; path = CertiOvalUnfolLookb.h; sourceTree = "<group>"; };
		6AC137B12B81B8EB004A752E /* UIImage+RehasPeterMetaf.m */ = {isa = PBXFileReference; fileEncoding = 4; lastKnownFileType = sourcecode.c.objc; path = "UIImage+RehasPeterMetaf.m"; sourceTree = "<group>"; };
		6AC137B22B81B8EB004A752E /* DealsWarpViolaMgmtIn.m */ = {isa = PBXFileReference; fileEncoding = 4; lastKnownFileType = sourcecode.c.objc; path = DealsWarpViolaMgmtIn.m; sourceTree = "<group>"; };
		6AC137B32B81B8EB004A752E /* HoldPreciFpnsWired.h */ = {isa = PBXFileReference; fileEncoding = 4; lastKnownFileType = sourcecode.c.h; path = HoldPreciFpnsWired.h; sourceTree = "<group>"; };
		6AC137B42B81B8EB004A752E /* LifecSolutTie.m */ = {isa = PBXFileReference; fileEncoding = 4; lastKnownFileType = sourcecode.c.objc; path = LifecSolutTie.m; sourceTree = "<group>"; };
		6AC137B52B81B8EB004A752E /* WalkeDashePerspPcs.h */ = {isa = PBXFileReference; fileEncoding = 4; lastKnownFileType = sourcecode.c.h; path = WalkeDashePerspPcs.h; sourceTree = "<group>"; };
		6AC137B62B81B8EB004A752E /* UIImage+CoachQueriParapDosag.m */ = {isa = PBXFileReference; fileEncoding = 4; lastKnownFileType = sourcecode.c.objc; path = "UIImage+CoachQueriParapDosag.m"; sourceTree = "<group>"; };
		6AC137B72B81B8EB004A752E /* PacsAbnorLaddBrush.h */ = {isa = PBXFileReference; fileEncoding = 4; lastKnownFileType = sourcecode.c.h; path = PacsAbnorLaddBrush.h; sourceTree = "<group>"; };
		6AC137B82B81B8EB004A752E /* LpmK_allocAnywaCrush.m */ = {isa = PBXFileReference; fileEncoding = 4; lastKnownFileType = sourcecode.c.objc; path = LpmK_allocAnywaCrush.m; sourceTree = "<group>"; };
		6AC137B92B81B8EB004A752E /* SvaOpaciWorki.m */ = {isa = PBXFileReference; fileEncoding = 4; lastKnownFileType = sourcecode.c.objc; path = SvaOpaciWorki.m; sourceTree = "<group>"; };
		6AC137BA2B81B8EB004A752E /* UIButton+CopyfHappeGlossBmpAu.m */ = {isa = PBXFileReference; fileEncoding = 4; lastKnownFileType = sourcecode.c.objc; path = "UIButton+CopyfHappeGlossBmpAu.m"; sourceTree = "<group>"; };
		6AC137BB2B81B8EB004A752E /* TailTensoProxi.m */ = {isa = PBXFileReference; fileEncoding = 4; lastKnownFileType = sourcecode.c.objc; path = TailTensoProxi.m; sourceTree = "<group>"; };
		6AC137BC2B81B8EB004A752E /* QuadrRectItali.h */ = {isa = PBXFileReference; fileEncoding = 4; lastKnownFileType = sourcecode.c.h; path = QuadrRectItali.h; sourceTree = "<group>"; };
		6AC137BD2B81B8EB004A752E /* UIImageView+TimeCrossLosslVsb.m */ = {isa = PBXFileReference; fileEncoding = 4; lastKnownFileType = sourcecode.c.objc; path = "UIImageView+TimeCrossLosslVsb.m"; sourceTree = "<group>"; };
		6AC137BE2B81B8EB004A752E /* AffilFindiDecorSubcl.h */ = {isa = PBXFileReference; fileEncoding = 4; lastKnownFileType = sourcecode.c.h; path = AffilFindiDecorSubcl.h; sourceTree = "<group>"; };
		6AC137BF2B81B8EB004A752E /* MembeTertiAiasLumbe.m */ = {isa = PBXFileReference; fileEncoding = 4; lastKnownFileType = sourcecode.c.objc; path = MembeTertiAiasLumbe.m; sourceTree = "<group>"; };
		6AC137C02B81B8EB004A752E /* VolunIqInverPactCali.h */ = {isa = PBXFileReference; fileEncoding = 4; lastKnownFileType = sourcecode.c.h; path = VolunIqInverPactCali.h; sourceTree = "<group>"; };
		6AC137C12B81B8EB004A752E /* UIImage+CastiSensoUnblu.m */ = {isa = PBXFileReference; fileEncoding = 4; lastKnownFileType = sourcecode.c.objc; path = "UIImage+CastiSensoUnblu.m"; sourceTree = "<group>"; };
		6AC137C22B81B8EB004A752E /* UIImageView+CopyfHappeGlossBmpAu.h */ = {isa = PBXFileReference; fileEncoding = 4; lastKnownFileType = sourcecode.c.h; path = "UIImageView+CopyfHappeGlossBmpAu.h"; sourceTree = "<group>"; };
		6AC137C32B81B8EB004A752E /* CellsHideWatchFalco.m */ = {isa = PBXFileReference; fileEncoding = 4; lastKnownFileType = sourcecode.c.objc; path = CellsHideWatchFalco.m; sourceTree = "<group>"; };
		6AC137C42B81B8EB004A752E /* UIView+ViewpChillDiagr.m */ = {isa = PBXFileReference; fileEncoding = 4; lastKnownFileType = sourcecode.c.objc; path = "UIView+ViewpChillDiagr.m"; sourceTree = "<group>"; };
		6AC137C52B81B8EB004A752E /* YearMarkAsciBiogrSer.h */ = {isa = PBXFileReference; fileEncoding = 4; lastKnownFileType = sourcecode.c.h; path = YearMarkAsciBiogrSer.h; sourceTree = "<group>"; };
		6AC137C62B81B8EB004A752E /* CueReachEphemOpaciIm.m */ = {isa = PBXFileReference; fileEncoding = 4; lastKnownFileType = sourcecode.c.objc; path = CueReachEphemOpaciIm.m; sourceTree = "<group>"; };
		6AC137C72B81B8EB004A752E /* ArithLockbSites.h */ = {isa = PBXFileReference; fileEncoding = 4; lastKnownFileType = sourcecode.c.h; path = ArithLockbSites.h; sourceTree = "<group>"; };
		6AC137C92B81B8EB004A752E /* ChildDocumDraftUnfol.m */ = {isa = PBXFileReference; fileEncoding = 4; lastKnownFileType = sourcecode.c.objc; path = ChildDocumDraftUnfol.m; sourceTree = "<group>"; };
		6AC137CA2B81B8EB004A752E /* AcoFinisBuffKeygeDat.h */ = {isa = PBXFileReference; fileEncoding = 4; lastKnownFileType = sourcecode.c.h; path = AcoFinisBuffKeygeDat.h; sourceTree = "<group>"; };
		6AC137CB2B81B8EB004A752E /* CapitLoopeOcbTeardAc.h */ = {isa = PBXFileReference; fileEncoding = 4; lastKnownFileType = sourcecode.c.h; path = CapitLoopeOcbTeardAc.h; sourceTree = "<group>"; };
		6AC137CC2B81B8EB004A752E /* MgmtLinAlignPlaceSha.h */ = {isa = PBXFileReference; fileEncoding = 4; lastKnownFileType = sourcecode.c.h; path = MgmtLinAlignPlaceSha.h; sourceTree = "<group>"; };
		6AC137CD2B81B8EB004A752E /* NSString+AniseSlottAtten.m */ = {isa = PBXFileReference; fileEncoding = 4; lastKnownFileType = sourcecode.c.objc; path = "NSString+AniseSlottAtten.m"; sourceTree = "<group>"; };
		6AC137CE2B81B8EB004A752E /* GlobInquiElastMonthT.h */ = {isa = PBXFileReference; fileEncoding = 4; lastKnownFileType = sourcecode.c.h; path = GlobInquiElastMonthT.h; sourceTree = "<group>"; };
		6AC137CF2B81B8EB004A752E /* DrawaNacYinManager.h */ = {isa = PBXFileReference; fileEncoding = 4; lastKnownFileType = sourcecode.c.h; path = DrawaNacYinManager.h; sourceTree = "<group>"; };
		6AC137D02B81B8EB004A752E /* BeepFailsBende.h */ = {isa = PBXFileReference; fileEncoding = 4; lastKnownFileType = sourcecode.c.h; path = BeepFailsBende.h; sourceTree = "<group>"; };
		6AC137D12B81B8EB004A752E /* BeeEndedHuge.h */ = {isa = PBXFileReference; fileEncoding = 4; lastKnownFileType = sourcecode.c.h; path = BeeEndedHuge.h; sourceTree = "<group>"; };
		6AC137D22B81B8EB004A752E /* ReusaImmedSchooImpro.h */ = {isa = PBXFileReference; fileEncoding = 4; lastKnownFileType = sourcecode.c.h; path = ReusaImmedSchooImpro.h; sourceTree = "<group>"; };
		6AC137D32B81B8EB004A752E /* UIColor+EnsurSafeGamma.m */ = {isa = PBXFileReference; fileEncoding = 4; lastKnownFileType = sourcecode.c.objc; path = "UIColor+EnsurSafeGamma.m"; sourceTree = "<group>"; };
		6AC137D42B81B8EB004A752E /* VmidPrefiRobotItoEur.h */ = {isa = PBXFileReference; fileEncoding = 4; lastKnownFileType = sourcecode.c.h; path = VmidPrefiRobotItoEur.h; sourceTree = "<group>"; };
		6AC137D52B81B8EB004A752E /* ChildDocumDraftUnfol.h */ = {isa = PBXFileReference; fileEncoding = 4; lastKnownFileType = sourcecode.c.h; path = ChildDocumDraftUnfol.h; sourceTree = "<group>"; };
		6AC137D62B81B8EB004A752E /* MgmtLinAlignPlaceSha.m */ = {isa = PBXFileReference; fileEncoding = 4; lastKnownFileType = sourcecode.c.objc; path = MgmtLinAlignPlaceSha.m; sourceTree = "<group>"; };
		6AC137D72B81B8EB004A752E /* CapitLoopeOcbTeardAc.m */ = {isa = PBXFileReference; fileEncoding = 4; lastKnownFileType = sourcecode.c.objc; path = CapitLoopeOcbTeardAc.m; sourceTree = "<group>"; };
		6AC137D82B81B8EB004A752E /* LaoTimerPolkaTwice.h */ = {isa = PBXFileReference; fileEncoding = 4; lastKnownFileType = sourcecode.c.h; path = LaoTimerPolkaTwice.h; sourceTree = "<group>"; };
		6AC137D92B81B8EB004A752E /* DockiDaoPolymVital.h */ = {isa = PBXFileReference; fileEncoding = 4; lastKnownFileType = sourcecode.c.h; path = DockiDaoPolymVital.h; sourceTree = "<group>"; };
		6AC137DA2B81B8EB004A752E /* BeeEndedHuge.m */ = {isa = PBXFileReference; fileEncoding = 4; lastKnownFileType = sourcecode.c.objc; path = BeeEndedHuge.m; sourceTree = "<group>"; };
		6AC137DB2B81B8EB004A752E /* BeepFailsBende.m */ = {isa = PBXFileReference; fileEncoding = 4; lastKnownFileType = sourcecode.c.objc; path = BeepFailsBende.m; sourceTree = "<group>"; };
		6AC137DC2B81B8EB004A752E /* DrawaNacYinManager.m */ = {isa = PBXFileReference; fileEncoding = 4; lastKnownFileType = sourcecode.c.objc; path = DrawaNacYinManager.m; sourceTree = "<group>"; };
		6AC137DD2B81B8EB004A752E /* GlobInquiElastMonthT.m */ = {isa = PBXFileReference; fileEncoding = 4; lastKnownFileType = sourcecode.c.objc; path = GlobInquiElastMonthT.m; sourceTree = "<group>"; };
		6AC137DE2B81B8EB004A752E /* NSString+AniseSlottAtten.h */ = {isa = PBXFileReference; fileEncoding = 4; lastKnownFileType = sourcecode.c.h; path = "NSString+AniseSlottAtten.h"; sourceTree = "<group>"; };
		6AC137DF2B81B8EB004A752E /* VmidPrefiRobotItoEur.m */ = {isa = PBXFileReference; fileEncoding = 4; lastKnownFileType = sourcecode.c.objc; path = VmidPrefiRobotItoEur.m; sourceTree = "<group>"; };
		6AC137E02B81B8EB004A752E /* UIColor+EnsurSafeGamma.h */ = {isa = PBXFileReference; fileEncoding = 4; lastKnownFileType = sourcecode.c.h; path = "UIColor+EnsurSafeGamma.h"; sourceTree = "<group>"; };
		6AC137E12B81B8EB004A752E /* ReusaImmedSchooImpro.m */ = {isa = PBXFileReference; fileEncoding = 4; lastKnownFileType = sourcecode.c.objc; path = ReusaImmedSchooImpro.m; sourceTree = "<group>"; };
		6AC138282B81B97D004A752E /* ExitiBeanHadResavRep.h */ = {isa = PBXFileReference; fileEncoding = 4; lastKnownFileType = sourcecode.c.h; path = ExitiBeanHadResavRep.h; sourceTree = "<group>"; };
		6AC138292B81B97D004A752E /* ExitiBeanHadResavRep.m */ = {isa = PBXFileReference; fileEncoding = 4; lastKnownFileType = sourcecode.c.objc; path = ExitiBeanHadResavRep.m; sourceTree = "<group>"; };
/* End PBXFileReference section */

/* Begin PBXFrameworksBuildPhase section */
		6AC1359C2B81B601004A752E /* Frameworks */ = {
			isa = PBXFrameworksBuildPhase;
			buildActionMask = 2147483647;
			files = (
			);
			runOnlyForDeploymentPostprocessing = 0;
		};
/* End PBXFrameworksBuildPhase section */

/* Begin PBXGroup section */
		6AC135962B81B601004A752E = {
			isa = PBXGroup;
			children = (
				6AC135A12B81B601004A752E /* TestDemo */,
				6AC135A02B81B601004A752E /* Products */,
			);
			sourceTree = "<group>";
		};
		6AC135A02B81B601004A752E /* Products */ = {
			isa = PBXGroup;
			children = (
				6AC1359F2B81B601004A752E /* TestDemo.app */,
			);
			name = Products;
			sourceTree = "<group>";
		};
		6AC135A12B81B601004A752E /* TestDemo */ = {
			isa = PBXGroup;
			children = (
				6AC135A22B81B601004A752E /* AppDelegate.h */,
				6AC135A32B81B601004A752E /* AppDelegate.m */,
				6AC135A52B81B601004A752E /* SceneDelegate.h */,
				6AC135A62B81B601004A752E /* SceneDelegate.m */,
				6AC135A82B81B601004A752E /* ViewController.h */,
				6AC135A92B81B601004A752E /* ViewController.m */,
				6AC138282B81B97D004A752E /* ExitiBeanHadResavRep.h */,
				6AC138292B81B97D004A752E /* ExitiBeanHadResavRep.m */,
				6AC137552B81B8EA004A752E /* Lib */,
				6AC135AB2B81B601004A752E /* Main.storyboard */,
				6AC135AE2B81B606004A752E /* Assets.xcassets */,
				6AC135B02B81B606004A752E /* LaunchScreen.storyboard */,
				6AC135B32B81B606004A752E /* Info.plist */,
				6AC135B42B81B606004A752E /* main.m */,
			);
			path = TestDemo;
			sourceTree = "<group>";
		};
		6AC137552B81B8EA004A752E /* Lib */ = {
			isa = PBXGroup;
			children = (
				6AC137562B81B8EA004A752E /* SDWebImage */,
			);
			path = Lib;
			sourceTree = "<group>";
		};
		6AC137562B81B8EA004A752E /* SDWebImage */ = {
			isa = PBXGroup;
			children = (
				6AC137572B81B8EA004A752E /* Core */,
				6AC137C82B81B8EB004A752E /* Private */,
			);
			path = SDWebImage;
			sourceTree = "<group>";
		};
		6AC137572B81B8EA004A752E /* Core */ = {
			isa = PBXGroup;
			children = (
				6AC137592B81B8EA004A752E /* AccorMadConnGranu.h */,
				6AC1379C2B81B8EB004A752E /* AccorMadConnGranu.m */,
				6AC137BE2B81B8EB004A752E /* AffilFindiDecorSubcl.h */,
				6AC1378B2B81B8EA004A752E /* AffilFindiDecorSubcl.m */,
				6AC137C72B81B8EB004A752E /* ArithLockbSites.h */,
				6AC137812B81B8EA004A752E /* ArithLockbSites.m */,
				6AC137842B81B8EA004A752E /* CellsHideWatchFalco.h */,
				6AC137C32B81B8EB004A752E /* CellsHideWatchFalco.m */,
				6AC1379D2B81B8EB004A752E /* CensoUniniZoomeCarlo.h */,
				6AC137582B81B8EA004A752E /* CensoUniniZoomeCarlo.m */,
				6AC137B02B81B8EB004A752E /* CertiOvalUnfolLookb.h */,
				6AC1377B2B81B8EA004A752E /* CertiOvalUnfolLookb.m */,
				6AC137AB2B81B8EB004A752E /* ChbInvalEnougInjecSt.h */,
				6AC1377E2B81B8EA004A752E /* ChbInvalEnougInjecSt.m */,
				6AC137962B81B8EB004A752E /* CoreAlertHaveHastePy.h */,
				6AC1375E2B81B8EA004A752E /* CoreAlertHaveHastePy.m */,
				6AC137982B81B8EB004A752E /* CorsFootnSveltSubli.h */,
				6AC1375D2B81B8EA004A752E /* CorsFootnSveltSubli.m */,
				6AC1376E2B81B8EA004A752E /* CrushConfuPullCaesuF.h */,
				6AC137A32B81B8EB004A752E /* CrushConfuPullCaesuF.m */,
				6AC137822B81B8EA004A752E /* CueReachEphemOpaciIm.h */,
				6AC137C62B81B8EB004A752E /* CueReachEphemOpaciIm.m */,
				6AC137792B81B8EA004A752E /* DealsWarpViolaMgmtIn.h */,
				6AC137B22B81B8EB004A752E /* DealsWarpViolaMgmtIn.m */,
				6AC137682B81B8EA004A752E /* DelayCowVerteTimAgen.h */,
				6AC137A82B81B8EB004A752E /* DelayCowVerteTimAgen.m */,
				6AC1376A2B81B8EA004A752E /* DetouPoundMadHeavyTi.h */,
				6AC137A52B81B8EB004A752E /* DetouPoundMadHeavyTi.m */,
				6AC1379E2B81B8EB004A752E /* EraseAplsCertiBan.h */,
				6AC137722B81B8EA004A752E /* EraseAplsCertiBan.m */,
				6AC137B32B81B8EB004A752E /* HoldPreciFpnsWired.h */,
				6AC137782B81B8EA004A752E /* HoldPreciFpnsWired.m */,
				6AC137602B81B8EA004A752E /* InfraPiggyOffenHalve.h */,
				6AC137972B81B8EB004A752E /* InfraPiggyOffenHalve.m */,
				6AC137762B81B8EA004A752E /* LifecSolutTie.h */,
				6AC137B42B81B8EB004A752E /* LifecSolutTie.m */,
				6AC137732B81B8EA004A752E /* LpmK_allocAnywaCrush.h */,
				6AC137B82B81B8EB004A752E /* LpmK_allocAnywaCrush.m */,
				6AC137892B81B8EA004A752E /* MembeTertiAiasLumbe.h */,
				6AC137BF2B81B8EB004A752E /* MembeTertiAiasLumbe.m */,
				6AC137622B81B8EA004A752E /* MobilIndicFauceRmdNe.h */,
				6AC137932B81B8EA004A752E /* MobilIndicFauceRmdNe.m */,
				6AC137662B81B8EA004A752E /* NSData+SeedUtlExecTomsPark.h */,
				6AC137AA2B81B8EB004A752E /* NSData+SeedUtlExecTomsPark.m */,
				6AC1375A2B81B8EA004A752E /* OcbNonliPetSyphoArtiManager.h */,
				6AC1379B2B81B8EB004A752E /* OcbNonliPetSyphoArtiManager.m */,
				6AC1376D2B81B8EA004A752E /* OsloAccomSnowPmManager.h */,
				6AC137A42B81B8EB004A752E /* OsloAccomSnowPmManager.m */,
				6AC137B72B81B8EB004A752E /* PacsAbnorLaddBrush.h */,
				6AC137742B81B8EA004A752E /* PacsAbnorLaddBrush.m */,
				6AC137BC2B81B8EB004A752E /* QuadrRectItali.h */,
				6AC1378C2B81B8EA004A752E /* QuadrRectItali.m */,
				6AC1375B2B81B8EA004A752E /* RootComboHko.h */,
				6AC1379A2B81B8EB004A752E /* RootComboHko.m */,
				6AC137A92B81B8EB004A752E /* RotteDateFinesHelpHoManager.h */,
				6AC137672B81B8EA004A752E /* RotteDateFinesHelpHoManager.m */,
				6AC137A62B81B8EB004A752E /* RulePubliDeser.h */,
				6AC1376B2B81B8EA004A752E /* RulePubliDeser.m */,
				6AC137642B81B8EA004A752E /* SavinJpExcerClienBooManager.h */,
				6AC137912B81B8EA004A752E /* SavinJpExcerClienBooManager.m */,
				6AC1379F2B81B8EB004A752E /* SplotDismiAbmSva.h */,
				6AC137702B81B8EA004A752E /* SplotDismiAbmSva.m */,
				6AC137922B81B8EA004A752E /* StrobForesWrSieveNew.h */,
				6AC137652B81B8EA004A752E /* StrobForesWrSieveNew.m */,
				6AC1378F2B81B8EA004A752E /* SvaOpaciWorki.h */,
				6AC137B92B81B8EB004A752E /* SvaOpaciWorki.m */,
				6AC1378D2B81B8EA004A752E /* TailTensoProxi.h */,
				6AC137BB2B81B8EB004A752E /* TailTensoProxi.m */,
				6AC1375C2B81B8EA004A752E /* ThirdKickeLobbyMotio.h */,
				6AC137992B81B8EB004A752E /* ThirdKickeLobbyMotio.m */,
				6AC137952B81B8EA004A752E /* TwitcOpenHalogOblitView.h */,
				6AC1375F2B81B8EA004A752E /* TwitcOpenHalogOblitView.m */,
				6AC137712B81B8EA004A752E /* TwitcOpenHalogOblitView+CopyfHappeGlossBmpAu.h */,
				6AC137A02B81B8EB004A752E /* TwitcOpenHalogOblitView+CopyfHappeGlossBmpAu.m */,
				6AC1378E2B81B8EA004A752E /* UIButton+CopyfHappeGlossBmpAu.h */,
				6AC137BA2B81B8EB004A752E /* UIButton+CopyfHappeGlossBmpAu.m */,
				6AC137862B81B8EA004A752E /* UIImage+CastiSensoUnblu.h */,
				6AC137C12B81B8EB004A752E /* UIImage+CastiSensoUnblu.m */,
				6AC137752B81B8EA004A752E /* UIImage+CoachQueriParapDosag.h */,
				6AC137B62B81B8EB004A752E /* UIImage+CoachQueriParapDosag.m */,
				6AC137612B81B8EA004A752E /* UIImage+DictaLockbSepia.h */,
				6AC137942B81B8EA004A752E /* UIImage+DictaLockbSepia.m */,
				6AC1376C2B81B8EA004A752E /* UIImage+FlavoSitePolyFaceSta.h */,
				6AC137A12B81B8EB004A752E /* UIImage+FlavoSitePolyFaceSta.m */,
				6AC137632B81B8EA004A752E /* UIImage+PlatyKeygeK_saveOalS.h */,
				6AC137902B81B8EA004A752E /* UIImage+PlatyKeygeK_saveOalS.m */,
				6AC1377A2B81B8EA004A752E /* UIImage+RehasPeterMetaf.h */,
				6AC137B12B81B8EB004A752E /* UIImage+RehasPeterMetaf.m */,
				6AC137AF2B81B8EB004A752E /* UIImage+TschFundiTierAscii.h */,
				6AC1377C2B81B8EA004A752E /* UIImage+TschFundiTierAscii.m */,
				6AC137C22B81B8EB004A752E /* UIImageView+CopyfHappeGlossBmpAu.h */,
				6AC137872B81B8EA004A752E /* UIImageView+CopyfHappeGlossBmpAu.m */,
				6AC1378A2B81B8EA004A752E /* UIImageView+TimeCrossLosslVsb.h */,
				6AC137BD2B81B8EB004A752E /* UIImageView+TimeCrossLosslVsb.m */,
				6AC1376F2B81B8EA004A752E /* UIView+CopyfHappeGlossBmpAu.h */,
				6AC137A22B81B8EB004A752E /* UIView+CopyfHappeGlossBmpAu.m */,
				6AC137852B81B8EA004A752E /* UIView+ViewpChillDiagr.h */,
				6AC137C42B81B8EB004A752E /* UIView+ViewpChillDiagr.m */,
				6AC137A72B81B8EB004A752E /* UnfolCrissUliHider.h */,
				6AC137692B81B8EA004A752E /* UnfolCrissUliHider.m */,
				6AC137AD2B81B8EB004A752E /* UnsatFilleRintAsePac.h */,
				6AC137802B81B8EA004A752E /* UnsatFilleRintAsePac.m */,
				6AC137C02B81B8EB004A752E /* VolunIqInverPactCali.h */,
				6AC137882B81B8EA004A752E /* VolunIqInverPactCali.m */,
				6AC137B52B81B8EB004A752E /* WalkeDashePerspPcs.h */,
				6AC137772B81B8EA004A752E /* WalkeDashePerspPcs.m */,
				6AC1377D2B81B8EA004A752E /* WaveyYoukuSwirlUntag.h */,
				6AC137AE2B81B8EB004A752E /* WaveyYoukuSwirlUntag.m */,
				6AC1377F2B81B8EA004A752E /* WorkaGrappMeterJarfi.h */,
				6AC137AC2B81B8EB004A752E /* WorkaGrappMeterJarfi.m */,
				6AC137C52B81B8EB004A752E /* YearMarkAsciBiogrSer.h */,
				6AC137832B81B8EA004A752E /* YearMarkAsciBiogrSer.m */,
			);
			path = Core;
			sourceTree = "<group>";
		};
		6AC137C82B81B8EB004A752E /* Private */ = {
			isa = PBXGroup;
			children = (
				6AC137CA2B81B8EB004A752E /* AcoFinisBuffKeygeDat.h */,
				6AC137D12B81B8EB004A752E /* BeeEndedHuge.h */,
				6AC137DA2B81B8EB004A752E /* BeeEndedHuge.m */,
				6AC137D02B81B8EB004A752E /* BeepFailsBende.h */,
				6AC137DB2B81B8EB004A752E /* BeepFailsBende.m */,
				6AC137CB2B81B8EB004A752E /* CapitLoopeOcbTeardAc.h */,
				6AC137D72B81B8EB004A752E /* CapitLoopeOcbTeardAc.m */,
				6AC137D52B81B8EB004A752E /* ChildDocumDraftUnfol.h */,
				6AC137C92B81B8EB004A752E /* ChildDocumDraftUnfol.m */,
				6AC137D92B81B8EB004A752E /* DockiDaoPolymVital.h */,
				6AC137CF2B81B8EB004A752E /* DrawaNacYinManager.h */,
				6AC137DC2B81B8EB004A752E /* DrawaNacYinManager.m */,
				6AC137CE2B81B8EB004A752E /* GlobInquiElastMonthT.h */,
				6AC137DD2B81B8EB004A752E /* GlobInquiElastMonthT.m */,
				6AC137D82B81B8EB004A752E /* LaoTimerPolkaTwice.h */,
				6AC137CC2B81B8EB004A752E /* MgmtLinAlignPlaceSha.h */,
				6AC137D62B81B8EB004A752E /* MgmtLinAlignPlaceSha.m */,
				6AC137DE2B81B8EB004A752E /* NSString+AniseSlottAtten.h */,
				6AC137CD2B81B8EB004A752E /* NSString+AniseSlottAtten.m */,
				6AC137D22B81B8EB004A752E /* ReusaImmedSchooImpro.h */,
				6AC137E12B81B8EB004A752E /* ReusaImmedSchooImpro.m */,
				6AC137E02B81B8EB004A752E /* UIColor+EnsurSafeGamma.h */,
				6AC137D32B81B8EB004A752E /* UIColor+EnsurSafeGamma.m */,
				6AC137D42B81B8EB004A752E /* VmidPrefiRobotItoEur.h */,
				6AC137DF2B81B8EB004A752E /* VmidPrefiRobotItoEur.m */,
			);
			path = Private;
			sourceTree = "<group>";
		};
/* End PBXGroup section */

/* Begin PBXNativeTarget section */
		6AC1359E2B81B601004A752E /* TestDemo */ = {
			isa = PBXNativeTarget;
			buildConfigurationList = 6AC135B82B81B606004A752E /* Build configuration list for PBXNativeTarget "TestDemo" */;
			buildPhases = (
				6AC1359B2B81B601004A752E /* Sources */,
				6AC1359C2B81B601004A752E /* Frameworks */,
				6AC1359D2B81B601004A752E /* Resources */,
			);
			buildRules = (
			);
			dependencies = (
			);
			name = TestDemo;
			productName = TestDemo;
			productReference = 6AC1359F2B81B601004A752E /* TestDemo.app */;
			productType = "com.apple.product-type.application";
		};
/* End PBXNativeTarget section */

/* Begin PBXProject section */
		6AC135972B81B601004A752E /* Project object */ = {
			isa = PBXProject;
			attributes = {
				BuildIndependentTargetsInParallel = 1;
				LastUpgradeCheck = 1310;
				TargetAttributes = {
					6AC1359E2B81B601004A752E = {
						CreatedOnToolsVersion = 13.1;
					};
				};
			};
			buildConfigurationList = 6AC1359A2B81B601004A752E /* Build configuration list for PBXProject "TestDemo" */;
			compatibilityVersion = "Xcode 13.0";
			developmentRegion = en;
			hasScannedForEncodings = 0;
			knownRegions = (
				en,
				Base,
			);
			mainGroup = 6AC135962B81B601004A752E;
			productRefGroup = 6AC135A02B81B601004A752E /* Products */;
			projectDirPath = "";
			projectRoot = "";
			targets = (
				6AC1359E2B81B601004A752E /* TestDemo */,
			);
		};
/* End PBXProject section */

/* Begin PBXResourcesBuildPhase section */
		6AC1359D2B81B601004A752E /* Resources */ = {
			isa = PBXResourcesBuildPhase;
			buildActionMask = 2147483647;
			files = (
				6AC135B22B81B606004A752E /* LaunchScreen.storyboard in Resources */,
				6AC135AF2B81B606004A752E /* Assets.xcassets in Resources */,
				6AC135AD2B81B601004A752E /* Main.storyboard in Resources */,
			);
			runOnlyForDeploymentPostprocessing = 0;
		};
/* End PBXResourcesBuildPhase section */

/* Begin PBXSourcesBuildPhase section */
		6AC1359B2B81B601004A752E /* Sources */ = {
			isa = PBXSourcesBuildPhase;
			buildActionMask = 2147483647;
			files = (
				6AC1380E2B81B8EB004A752E /* LifecSolutTie.m in Sources */,
				6AC1380C2B81B8EB004A752E /* UIImage+RehasPeterMetaf.m in Sources */,
				6AC1381F2B81B8EB004A752E /* BeeEndedHuge.m in Sources */,
				6AC1380B2B81B8EB004A752E /* WaveyYoukuSwirlUntag.m in Sources */,
				6AC137FE2B81B8EB004A752E /* ThirdKickeLobbyMotio.m in Sources */,
				6AC137E32B81B8EB004A752E /* CorsFootnSveltSubli.m in Sources */,
				6AC137F32B81B8EB004A752E /* ArithLockbSites.m in Sources */,
				6AC1382A2B81B97D004A752E /* ExitiBeanHadResavRep.m in Sources */,
				6AC137E52B81B8EB004A752E /* TwitcOpenHalogOblitView.m in Sources */,
				6AC138022B81B8EB004A752E /* TwitcOpenHalogOblitView+CopyfHappeGlossBmpAu.m in Sources */,
				6AC135AA2B81B601004A752E /* ViewController.m in Sources */,
				6AC137E42B81B8EB004A752E /* CoreAlertHaveHastePy.m in Sources */,
				6AC138132B81B8EB004A752E /* TailTensoProxi.m in Sources */,
				6AC137EE2B81B8EB004A752E /* HoldPreciFpnsWired.m in Sources */,
				6AC1381B2B81B8EB004A752E /* NSString+AniseSlottAtten.m in Sources */,
				6AC138012B81B8EB004A752E /* AccorMadConnGranu.m in Sources */,
				6AC1380D2B81B8EB004A752E /* DealsWarpViolaMgmtIn.m in Sources */,
				6AC138092B81B8EB004A752E /* NSData+SeedUtlExecTomsPark.m in Sources */,
				6AC137F82B81B8EB004A752E /* QuadrRectItali.m in Sources */,
				6AC137FA2B81B8EB004A752E /* SavinJpExcerClienBooManager.m in Sources */,
				6AC138212B81B8EB004A752E /* DrawaNacYinManager.m in Sources */,
				6AC138222B81B8EB004A752E /* GlobInquiElastMonthT.m in Sources */,
				6AC138152B81B8EB004A752E /* MembeTertiAiasLumbe.m in Sources */,
				6AC137EB2B81B8EB004A752E /* EraseAplsCertiBan.m in Sources */,
				6AC137EF2B81B8EB004A752E /* CertiOvalUnfolLookb.m in Sources */,
				6AC138202B81B8EB004A752E /* BeepFailsBende.m in Sources */,
				6AC1381D2B81B8EB004A752E /* MgmtLinAlignPlaceSha.m in Sources */,
				6AC137E62B81B8EB004A752E /* StrobForesWrSieveNew.m in Sources */,
				6AC138142B81B8EB004A752E /* UIImageView+TimeCrossLosslVsb.m in Sources */,
				6AC137FB2B81B8EB004A752E /* MobilIndicFauceRmdNe.m in Sources */,
				6AC137EC2B81B8EB004A752E /* PacsAbnorLaddBrush.m in Sources */,
				6AC137F42B81B8EB004A752E /* YearMarkAsciBiogrSer.m in Sources */,
				6AC137E22B81B8EB004A752E /* CensoUniniZoomeCarlo.m in Sources */,
				6AC1381E2B81B8EB004A752E /* CapitLoopeOcbTeardAc.m in Sources */,
				6AC137ED2B81B8EB004A752E /* WalkeDashePerspPcs.m in Sources */,
				6AC137F72B81B8EB004A752E /* AffilFindiDecorSubcl.m in Sources */,
				6AC137F22B81B8EB004A752E /* UnsatFilleRintAsePac.m in Sources */,
				6AC138052B81B8EB004A752E /* CrushConfuPullCaesuF.m in Sources */,
				6AC138192B81B8EB004A752E /* CueReachEphemOpaciIm.m in Sources */,
				6AC135A42B81B601004A752E /* AppDelegate.m in Sources */,
				6AC137E82B81B8EB004A752E /* UnfolCrissUliHider.m in Sources */,
				6AC138032B81B8EB004A752E /* UIImage+FlavoSitePolyFaceSta.m in Sources */,
				6AC137F52B81B8EB004A752E /* UIImageView+CopyfHappeGlossBmpAu.m in Sources */,
				6AC137F02B81B8EB004A752E /* UIImage+TschFundiTierAscii.m in Sources */,
				6AC138002B81B8EB004A752E /* OcbNonliPetSyphoArtiManager.m in Sources */,
				6AC138072B81B8EB004A752E /* DetouPoundMadHeavyTi.m in Sources */,
				6AC1381C2B81B8EB004A752E /* UIColor+EnsurSafeGamma.m in Sources */,
				6AC137F92B81B8EB004A752E /* UIImage+PlatyKeygeK_saveOalS.m in Sources */,
				6AC138242B81B8EB004A752E /* ReusaImmedSchooImpro.m in Sources */,
				6AC137F62B81B8EB004A752E /* VolunIqInverPactCali.m in Sources */,
				6AC138122B81B8EB004A752E /* UIButton+CopyfHappeGlossBmpAu.m in Sources */,
				6AC137F12B81B8EB004A752E /* ChbInvalEnougInjecSt.m in Sources */,
				6AC138172B81B8EB004A752E /* CellsHideWatchFalco.m in Sources */,
				6AC135B52B81B606004A752E /* main.m in Sources */,
				6AC137FC2B81B8EB004A752E /* UIImage+DictaLockbSepia.m in Sources */,
				6AC137E72B81B8EB004A752E /* RotteDateFinesHelpHoManager.m in Sources */,
				6AC137E92B81B8EB004A752E /* RulePubliDeser.m in Sources */,
				6AC1381A2B81B8EB004A752E /* ChildDocumDraftUnfol.m in Sources */,
				6AC137EA2B81B8EB004A752E /* SplotDismiAbmSva.m in Sources */,
				6AC135A72B81B601004A752E /* SceneDelegate.m in Sources */,
				6AC138182B81B8EB004A752E /* UIView+ViewpChillDiagr.m in Sources */,
				6AC138232B81B8EB004A752E /* VmidPrefiRobotItoEur.m in Sources */,
				6AC1380F2B81B8EB004A752E /* UIImage+CoachQueriParapDosag.m in Sources */,
				6AC138042B81B8EB004A752E /* UIView+CopyfHappeGlossBmpAu.m in Sources */,
				6AC138082B81B8EB004A752E /* DelayCowVerteTimAgen.m in Sources */,
				6AC138062B81B8EB004A752E /* OsloAccomSnowPmManager.m in Sources */,
				6AC137FD2B81B8EB004A752E /* InfraPiggyOffenHalve.m in Sources */,
				6AC138112B81B8EB004A752E /* SvaOpaciWorki.m in Sources */,
				6AC138162B81B8EB004A752E /* UIImage+CastiSensoUnblu.m in Sources */,
				6AC1380A2B81B8EB004A752E /* WorkaGrappMeterJarfi.m in Sources */,
				6AC137FF2B81B8EB004A752E /* RootComboHko.m in Sources */,
				6AC138102B81B8EB004A752E /* LpmK_allocAnywaCrush.m in Sources */,
			);
			runOnlyForDeploymentPostprocessing = 0;
		};
/* End PBXSourcesBuildPhase section */

/* Begin PBXVariantGroup section */
		6AC135AB2B81B601004A752E /* Main.storyboard */ = {
			isa = PBXVariantGroup;
			children = (
				6AC135AC2B81B601004A752E /* Base */,
			);
			name = Main.storyboard;
			sourceTree = "<group>";
		};
		6AC135B02B81B606004A752E /* LaunchScreen.storyboard */ = {
			isa = PBXVariantGroup;
			children = (
				6AC135B12B81B606004A752E /* Base */,
			);
			name = LaunchScreen.storyboard;
			sourceTree = "<group>";
		};
/* End PBXVariantGroup section */

/* Begin XCBuildConfiguration section */
		6AC135B62B81B606004A752E /* Debug */ = {
			isa = XCBuildConfiguration;
			buildSettings = {
				ALWAYS_SEARCH_USER_PATHS = NO;
				CLANG_ANALYZER_NONNULL = YES;
				CLANG_ANALYZER_NUMBER_OBJECT_CONVERSION = YES_AGGRESSIVE;
				CLANG_CXX_LANGUAGE_STANDARD = "gnu++17";
				CLANG_CXX_LIBRARY = "libc++";
				CLANG_ENABLE_MODULES = YES;
				CLANG_ENABLE_OBJC_ARC = YES;
				CLANG_ENABLE_OBJC_WEAK = YES;
				CLANG_WARN_BLOCK_CAPTURE_AUTORELEASING = YES;
				CLANG_WARN_BOOL_CONVERSION = YES;
				CLANG_WARN_COMMA = YES;
				CLANG_WARN_CONSTANT_CONVERSION = YES;
				CLANG_WARN_DEPRECATED_OBJC_IMPLEMENTATIONS = YES;
				CLANG_WARN_DIRECT_OBJC_ISA_USAGE = YES_ERROR;
				CLANG_WARN_DOCUMENTATION_COMMENTS = YES;
				CLANG_WARN_EMPTY_BODY = YES;
				CLANG_WARN_ENUM_CONVERSION = YES;
				CLANG_WARN_INFINITE_RECURSION = YES;
				CLANG_WARN_INT_CONVERSION = YES;
				CLANG_WARN_NON_LITERAL_NULL_CONVERSION = YES;
				CLANG_WARN_OBJC_IMPLICIT_RETAIN_SELF = YES;
				CLANG_WARN_OBJC_LITERAL_CONVERSION = YES;
				CLANG_WARN_OBJC_ROOT_CLASS = YES_ERROR;
				CLANG_WARN_QUOTED_INCLUDE_IN_FRAMEWORK_HEADER = YES;
				CLANG_WARN_RANGE_LOOP_ANALYSIS = YES;
				CLANG_WARN_STRICT_PROTOTYPES = YES;
				CLANG_WARN_SUSPICIOUS_MOVE = YES;
				CLANG_WARN_UNGUARDED_AVAILABILITY = YES_AGGRESSIVE;
				CLANG_WARN_UNREACHABLE_CODE = YES;
				CLANG_WARN__DUPLICATE_METHOD_MATCH = YES;
				COPY_PHASE_STRIP = NO;
				DEBUG_INFORMATION_FORMAT = dwarf;
				ENABLE_STRICT_OBJC_MSGSEND = YES;
				ENABLE_TESTABILITY = YES;
				GCC_C_LANGUAGE_STANDARD = gnu11;
				GCC_DYNAMIC_NO_PIC = NO;
				GCC_NO_COMMON_BLOCKS = YES;
				GCC_OPTIMIZATION_LEVEL = 0;
				GCC_PREPROCESSOR_DEFINITIONS = (
					"DEBUG=1",
					"$(inherited)",
				);
				GCC_WARN_64_TO_32_BIT_CONVERSION = YES;
				GCC_WARN_ABOUT_RETURN_TYPE = YES_ERROR;
				GCC_WARN_UNDECLARED_SELECTOR = YES;
				GCC_WARN_UNINITIALIZED_AUTOS = YES_AGGRESSIVE;
				GCC_WARN_UNUSED_FUNCTION = YES;
				GCC_WARN_UNUSED_VARIABLE = YES;
				IPHONEOS_DEPLOYMENT_TARGET = 15.0;
				MTL_ENABLE_DEBUG_INFO = INCLUDE_SOURCE;
				MTL_FAST_MATH = YES;
				ONLY_ACTIVE_ARCH = YES;
				SDKROOT = iphoneos;
			};
			name = Debug;
		};
		6AC135B72B81B606004A752E /* Release */ = {
			isa = XCBuildConfiguration;
			buildSettings = {
				ALWAYS_SEARCH_USER_PATHS = NO;
				CLANG_ANALYZER_NONNULL = YES;
				CLANG_ANALYZER_NUMBER_OBJECT_CONVERSION = YES_AGGRESSIVE;
				CLANG_CXX_LANGUAGE_STANDARD = "gnu++17";
				CLANG_CXX_LIBRARY = "libc++";
				CLANG_ENABLE_MODULES = YES;
				CLANG_ENABLE_OBJC_ARC = YES;
				CLANG_ENABLE_OBJC_WEAK = YES;
				CLANG_WARN_BLOCK_CAPTURE_AUTORELEASING = YES;
				CLANG_WARN_BOOL_CONVERSION = YES;
				CLANG_WARN_COMMA = YES;
				CLANG_WARN_CONSTANT_CONVERSION = YES;
				CLANG_WARN_DEPRECATED_OBJC_IMPLEMENTATIONS = YES;
				CLANG_WARN_DIRECT_OBJC_ISA_USAGE = YES_ERROR;
				CLANG_WARN_DOCUMENTATION_COMMENTS = YES;
				CLANG_WARN_EMPTY_BODY = YES;
				CLANG_WARN_ENUM_CONVERSION = YES;
				CLANG_WARN_INFINITE_RECURSION = YES;
				CLANG_WARN_INT_CONVERSION = YES;
				CLANG_WARN_NON_LITERAL_NULL_CONVERSION = YES;
				CLANG_WARN_OBJC_IMPLICIT_RETAIN_SELF = YES;
				CLANG_WARN_OBJC_LITERAL_CONVERSION = YES;
				CLANG_WARN_OBJC_ROOT_CLASS = YES_ERROR;
				CLANG_WARN_QUOTED_INCLUDE_IN_FRAMEWORK_HEADER = YES;
				CLANG_WARN_RANGE_LOOP_ANALYSIS = YES;
				CLANG_WARN_STRICT_PROTOTYPES = YES;
				CLANG_WARN_SUSPICIOUS_MOVE = YES;
				CLANG_WARN_UNGUARDED_AVAILABILITY = YES_AGGRESSIVE;
				CLANG_WARN_UNREACHABLE_CODE = YES;
				CLANG_WARN__DUPLICATE_METHOD_MATCH = YES;
				COPY_PHASE_STRIP = NO;
				DEBUG_INFORMATION_FORMAT = "dwarf-with-dsym";
				ENABLE_NS_ASSERTIONS = NO;
				ENABLE_STRICT_OBJC_MSGSEND = YES;
				GCC_C_LANGUAGE_STANDARD = gnu11;
				GCC_NO_COMMON_BLOCKS = YES;
				GCC_WARN_64_TO_32_BIT_CONVERSION = YES;
				GCC_WARN_ABOUT_RETURN_TYPE = YES_ERROR;
				GCC_WARN_UNDECLARED_SELECTOR = YES;
				GCC_WARN_UNINITIALIZED_AUTOS = YES_AGGRESSIVE;
				GCC_WARN_UNUSED_FUNCTION = YES;
				GCC_WARN_UNUSED_VARIABLE = YES;
				IPHONEOS_DEPLOYMENT_TARGET = 15.0;
				MTL_ENABLE_DEBUG_INFO = NO;
				MTL_FAST_MATH = YES;
				SDKROOT = iphoneos;
				VALIDATE_PRODUCT = YES;
			};
			name = Release;
		};
		6AC135B92B81B606004A752E /* Debug */ = {
			isa = XCBuildConfiguration;
			buildSettings = {
				ASSETCATALOG_COMPILER_APPICON_NAME = AppIcon;
				ASSETCATALOG_COMPILER_GLOBAL_ACCENT_COLOR_NAME = AccentColor;
				CODE_SIGN_STYLE = Automatic;
				CURRENT_PROJECT_VERSION = 1;
				GENERATE_INFOPLIST_FILE = YES;
				INFOPLIST_FILE = TestDemo/Info.plist;
				INFOPLIST_KEY_UIApplicationSupportsIndirectInputEvents = YES;
				INFOPLIST_KEY_UILaunchStoryboardName = LaunchScreen;
				INFOPLIST_KEY_UIMainStoryboardFile = Main;
				INFOPLIST_KEY_UISupportedInterfaceOrientations_iPad = "UIInterfaceOrientationPortrait UIInterfaceOrientationPortraitUpsideDown UIInterfaceOrientationLandscapeLeft UIInterfaceOrientationLandscapeRight";
				INFOPLIST_KEY_UISupportedInterfaceOrientations_iPhone = "UIInterfaceOrientationPortrait UIInterfaceOrientationLandscapeLeft UIInterfaceOrientationLandscapeRight";
				LD_RUNPATH_SEARCH_PATHS = (
					"$(inherited)",
					"@executable_path/Frameworks",
				);
				MARKETING_VERSION = 1.0;
				PRODUCT_BUNDLE_IDENTIFIER = com.cqgame.yu.TestDemo;
				PRODUCT_NAME = "$(TARGET_NAME)";
				SWIFT_EMIT_LOC_STRINGS = YES;
				TARGETED_DEVICE_FAMILY = "1,2";
			};
			name = Debug;
		};
		6AC135BA2B81B606004A752E /* Release */ = {
			isa = XCBuildConfiguration;
			buildSettings = {
				ASSETCATALOG_COMPILER_APPICON_NAME = AppIcon;
				ASSETCATALOG_COMPILER_GLOBAL_ACCENT_COLOR_NAME = AccentColor;
				CODE_SIGN_STYLE = Automatic;
				CURRENT_PROJECT_VERSION = 1;
				GENERATE_INFOPLIST_FILE = YES;
				INFOPLIST_FILE = TestDemo/Info.plist;
				INFOPLIST_KEY_UIApplicationSupportsIndirectInputEvents = YES;
				INFOPLIST_KEY_UILaunchStoryboardName = LaunchScreen;
				INFOPLIST_KEY_UIMainStoryboardFile = Main;
				INFOPLIST_KEY_UISupportedInterfaceOrientations_iPad = "UIInterfaceOrientationPortrait UIInterfaceOrientationPortraitUpsideDown UIInterfaceOrientationLandscapeLeft UIInterfaceOrientationLandscapeRight";
				INFOPLIST_KEY_UISupportedInterfaceOrientations_iPhone = "UIInterfaceOrientationPortrait UIInterfaceOrientationLandscapeLeft UIInterfaceOrientationLandscapeRight";
				LD_RUNPATH_SEARCH_PATHS = (
					"$(inherited)",
					"@executable_path/Frameworks",
				);
				MARKETING_VERSION = 1.0;
				PRODUCT_BUNDLE_IDENTIFIER = com.cqgame.yu.TestDemo;
				PRODUCT_NAME = "$(TARGET_NAME)";
				SWIFT_EMIT_LOC_STRINGS = YES;
				TARGETED_DEVICE_FAMILY = "1,2";
			};
			name = Release;
		};
/* End XCBuildConfiguration section */

/* Begin XCConfigurationList section */
		6AC1359A2B81B601004A752E /* Build configuration list for PBXProject "TestDemo" */ = {
			isa = XCConfigurationList;
			buildConfigurations = (
				6AC135B62B81B606004A752E /* Debug */,
				6AC135B72B81B606004A752E /* Release */,
			);
			defaultConfigurationIsVisible = 0;
			defaultConfigurationName = Release;
		};
		6AC135B82B81B606004A752E /* Build configuration list for PBXNativeTarget "TestDemo" */ = {
			isa = XCConfigurationList;
			buildConfigurations = (
				6AC135B92B81B606004A752E /* Debug */,
				6AC135BA2B81B606004A752E /* Release */,
			);
			defaultConfigurationIsVisible = 0;
			defaultConfigurationName = Release;
		};
/* End XCConfigurationList section */
	};
	rootObject = 6AC135972B81B601004A752E /* Project object */;
}
